{
    "name": "@plurnk/plurnk-mimetypes-grammar-fsharp-signature",
    "version": "1.4.0",
    "lockfileVersion": 3,
    "requires": true,
    "packages": {
        "": {
            "name": "@plurnk/plurnk-mimetypes-grammar-fsharp-signature",
            "version": "1.4.0",
            "license": "MIT",
            "devDependencies": {
                "tree-sitter-cli": "0.26.9"
            },
            "engines": {
                "node": ">=26"
            },
            "peerDependencies": {
                "@plurnk/plurnk-mimetypes": "^1.4.0",
                "web-tree-sitter": "^0.25.0 || ^0.26.0"
            }
        },
        "node_modules/@cfworker/json-schema": {
            "version": "4.1.1",
            "resolved": "https://registry.npmjs.org/@cfworker/json-schema/-/json-schema-4.1.1.tgz",
            "integrity": "sha512-gAmrUZSGtKc3AiBL71iNWxDsyUC5uMaKKGdvzYsBoTW/xi42JQHl7eKV2OYzCUqvc+D2RCcf7EXY2iCyFIk6og==",
            "license": "MIT",
            "peer": true
        },
        "node_modules/@plurnk/plurnk-contracts": {
            "version": "1.4.0",
            "resolved": "https://registry.npmjs.org/@plurnk/plurnk-contracts/-/plurnk-contracts-1.4.0.tgz",
            "integrity": "sha512-giUpOQSQaoTJMHOld1eFV7RVUXgydpGBsadn4um9+0esIEVgTeDMpWX47IdO/MFKKbBPi0b5I3jIfnqqpop+ww==",
            "license": "MIT",
            "peer": true,
            "dependencies": {
                "@cfworker/json-schema": "^4.1.1",
                "antlr4ng": "^3.0.0",
                "json-p3": "^2.2.2",
                "xpath": "^0.0.34"
            },
            "bin": {
                "plurnk-contracts": "bin/plurnk-contracts.js"
            },
            "engines": {
                "node": ">=26"
            }
        },
        "node_modules/@plurnk/plurnk-meta": {
            "version": "1.4.0",
            "resolved": "https://registry.npmjs.org/@plurnk/plurnk-meta/-/plurnk-meta-1.4.0.tgz",
            "integrity": "sha512-qnp0WzE9QjjSJLGo5B/kqndSFvhv53ENBwDHL23amNrKaxocP88zFZUOUkrAB1OksUduwx/Jixsi2pLl5S003w==",
            "license": "MIT",
            "peer": true,
            "engines": {
                "node": ">=26"
            }
        },
        "node_modules/@plurnk/plurnk-mimetypes": {
            "version": "1.4.0",
            "resolved": "https://registry.npmjs.org/@plurnk/plurnk-mimetypes/-/plurnk-mimetypes-1.4.0.tgz",
            "integrity": "sha512-JMiBGeawMGtjtLjsVG50KaT6JO5IEkPAMVWnRRy2+wc82AVRPC9DnKQlPlbKJ2db/zyCG5EhPttl8LSjodUHug==",
            "license": "MIT",
            "peer": true,
            "dependencies": {
                "@plurnk/plurnk-contracts": "1.4.0",
                "@plurnk/plurnk-meta": "1.4.0",
                "@xmldom/xmldom": "^0.9.10",
                "antlr4ng": "^3.0.16",
                "json-p3": "^2.2.2",
                "smol-toml": "^1.7.1",
                "web-tree-sitter": "^0.26.9",
                "xpath": "^0.0.34",
                "yaml": "^2.9.0"
            },
            "bin": {
                "plurnk-mimetypes-compile": "bin/plurnk-mimetypes-compile.js"
            },
            "engines": {
                "node": ">=26"
            },
            "peerDependencies": {
                "antlr-ng": "^1.0.10"
            },
            "peerDependenciesMeta": {
                "antlr-ng": {
                    "optional": true
                }
            }
        },
        "node_modules/@xmldom/xmldom": {
            "version": "0.9.10",
            "resolved": "https://registry.npmjs.org/@xmldom/xmldom/-/xmldom-0.9.10.tgz",
            "integrity": "sha512-A9gOqLdi6cV4ibazAjcQufGj0B1y/vDqYrcuP6d/6x8P27gRS8643Dj9o1dEKtB6O7fwxb2FgBmJS2mX7gpvdw==",
            "license": "MIT",
            "peer": true,
            "engines": {
                "node": ">=14.6"
            }
        },
        "node_modules/antlr4ng": {
            "version": "3.0.16",
            "resolved": "https://registry.npmjs.org/antlr4ng/-/antlr4ng-3.0.16.tgz",
            "integrity": "sha512-DQuJkC7kX3xunfF4K2KsWTSvoxxslv+FQp/WHQZTJSsH2Ec3QfFmrxC3Nky2ok9yglXn6nHM4zUaVDxcN5f6kA==",
            "license": "BSD-3-Clause",
            "peer": true
        },
        "node_modules/json-p3": {
            "version": "2.2.2",
            "resolved": "https://registry.npmjs.org/json-p3/-/json-p3-2.2.2.tgz",
            "integrity": "sha512-TmTgkx+C1ne8Wdm9dFQ4/jCeYYbSoeYJAkRpvTz6O+zWN1Dc3cKW8Mt52sa8mSRXy/+JykA5I6rmM+k8h+JRRg==",
            "license": "MIT",
            "peer": true
        },
        "node_modules/smol-toml": {
            "version": "1.7.1",
            "resolved": "https://registry.npmjs.org/smol-toml/-/smol-toml-1.7.1.tgz",
            "integrity": "sha512-PPlsspAZ4jbMBu5DMFhfUGDQLu/vrL4SyBROVS37x8ynnVmFIs1VPBz1Co8Xks3TvpIaZXmU85y4DrQ+UyVFoQ==",
            "license": "BSD-3-Clause",
            "peer": true,
            "engines": {
                "node": ">= 18"
            },
            "funding": {
                "url": "https://github.com/sponsors/cyyynthia"
            }
        },
        "node_modules/tree-sitter-cli": {
            "version": "0.26.9",
            "resolved": "https://registry.npmjs.org/tree-sitter-cli/-/tree-sitter-cli-0.26.9.tgz",
            "integrity": "sha512-7l+U1RmazPVe+yA/JiX80GFOILnL/j24GbawamIzNQC8UlINrcyECbaWGaG1wuq4j/m0DQTx7Uu4r0iW9Ao1BQ==",
            "dev": true,
            "hasInstallScript": true,
            "license": "MIT",
            "bin": {
                "tree-sitter": "cli.js"
            },
            "engines": {
                "node": ">=12.0.0"
            }
        },
        "node_modules/web-tree-sitter": {
            "version": "0.26.11",
            "resolved": "https://registry.npmjs.org/web-tree-sitter/-/web-tree-sitter-0.26.11.tgz",
            "integrity": "sha512-Q5Dm3YTIXSXuH6FxX6RuzX2Qwpc4DPGiYMU87Wg5Z8OIStiQFiUex4zMDc0vBTw78EphaYJacncJghCHzbZptg==",
            "license": "MIT",
            "peer": true
        },
        "node_modules/xpath": {
            "version": "0.0.34",
            "resolved": "https://registry.npmjs.org/xpath/-/xpath-0.0.34.tgz",
            "integrity": "sha512-FxF6+rkr1rNSQrhUNYrAFJpRXNzlDoMxeXN5qI84939ylEv3qqPFKa85Oxr6tDaJKqwW6KKyo2v26TSv3k6LeA==",
            "license": "MIT",
            "peer": true,
            "engines": {
                "node": ">=0.6.0"
            }
        },
        "node_modules/yaml": {
            "version": "2.9.0",
            "resolved": "https://registry.npmjs.org/yaml/-/yaml-2.9.0.tgz",
            "integrity": "sha512-2AvhNX3mb8zd6Zy7INTtSpl1F15HW6Wnqj0srWlkKLcpYl/gMIMJiyuGq2KeI2YFxUPjdlB+3Lc10seMLtL4cA==",
            "license": "ISC",
            "peer": true,
            "bin": {
                "yaml": "bin.mjs"
            },
            "engines": {
                "node": ">= 14.6"
            },
            "funding": {
                "url": "https://github.com/sponsors/eemeli"
            }
        }
    }
}
